{
  "name": "@LizaDeh/code",
  "version": "1.0.0",
  "lockfileVersion": 3,
  "requires": true,
  "packages": {
    "": {
      "name": "@LizaDeh/code",
      "version": "1.0.0",
      "license": "ISC",
      "dependencies": {
        "ci": "^2.3.0",
        "link": "^2.1.2",
        "unlink": "^0.0.2"
      },
      "bin": {
        "brain-games": "bin/brain-games.js"
      }
    },
    "node_modules/ci": {
      "version": "2.3.0",
      "resolved": "https://registry.npmjs.org/ci/-/ci-2.3.0.tgz",
      "integrity": "sha512-0MGXkzJKkwV3enG7RUxjJKdiAkbaZ7visCjitfpCN2BQjv02KGRMxCHLv4RPokkjJ4xR33FLMAXweS+aQ0pFSQ==",
      "license": "MIT",
      "bin": {
        "ci": "dist/cli.js"
      },
      "funding": {
        "url": "https://github.com/privatenumber/ci?sponsor=1"
      }
    },
    "node_modules/link": {
      "version": "2.1.2",
      "resolved": "https://registry.npmjs.org/link/-/link-2.1.2.tgz",
      "integrity": "sha512-n+OitQgtITNBGiWmEMgMiXo/fkf3yeyLm2nXm87vO4DDpaYrx57AZs/PMDk25qJIv+l586V226B2mA1H/n9zvg==",
      "license": "MIT",
      "bin": {
        "link": "dist/cli.js"
      },
      "funding": {
        "url": "https://github.com/privatenumber/link?sponsor=1"
      }
    },
    "node_modules/unlink": {
      "version": "0.0.2",
      "resolved": "https://registry.npmjs.org/unlink/-/unlink-0.0.2.tgz",
      "integrity": "sha512-0+enkxRDlySCQkgzY3iEJQoOmEz5plErHOCLXpP2IUE+qIM9E5jcMPZB4GSDs9pZsrsqYEm/f1D1os4xq68Zeg==",
      "deprecated": "deprecated",
      "license": "MIT"
    }
  }
}
